{
    "version": 3,
    "terraform_version": "0.11.11",
    "serial": 16,
    "lineage": "a504a7e4-3c54-712b-a570-84e558c669f5",
    "modules": [
        {
            "path": [
                "root"
            ],
            "outputs": {},
            "resources": {
                "aws_cloudwatch_log_group.main": {
                    "type": "aws_cloudwatch_log_group",
                    "depends_on": [],
                    "primary": {
                        "id": "MirroringService-Logs",
                        "attributes": {
                            "arn": "arn:aws:logs:ca-central-1:075232779313:log-group:MirroringService-Logs:*",
                            "id": "MirroringService-Logs",
                            "kms_key_id": "",
                            "name": "MirroringService-Logs",
                            "retention_in_days": "0",
                            "tags.%": "2",
                            "tags.ServiceName": "SandstormServer",
                            "tags.ServiceType": "Game"
                        },
                        "meta": {},
                        "tainted": false
                    },
                    "deposed": [],
                    "provider": "provider.aws"
                },
                "aws_default_route_table.main": {
                    "type": "aws_default_route_table",
                    "depends_on": [
                        "aws_internet_gateway.main",
                        "aws_vpc.main"
                    ],
                    "primary": {
                        "id": "rtb-0effe245deeec24f3",
                        "attributes": {
                            "default_route_table_id": "rtb-0effe245deeec24f3",
                            "id": "rtb-0effe245deeec24f3",
                            "owner_id": "075232779313",
                            "propagating_vgws.#": "0",
                            "route.#": "1",
                            "route.978817949.cidr_block": "0.0.0.0/0",
                            "route.978817949.egress_only_gateway_id": "",
                            "route.978817949.gateway_id": "igw-08b1b0788dc3e864b",
                            "route.978817949.instance_id": "",
                            "route.978817949.ipv6_cidr_block": "",
                            "route.978817949.nat_gateway_id": "",
                            "route.978817949.network_interface_id": "",
                            "route.978817949.transit_gateway_id": "",
                            "route.978817949.vpc_peering_connection_id": "",
                            "tags.%": "3",
                            "tags.Name": "default",
                            "tags.ServiceName": "SandstormServer",
                            "tags.ServiceType": "Game",
                            "vpc_id": "vpc-0580da14af959a6c1"
                        },
                        "meta": {},
                        "tainted": false
                    },
                    "deposed": [],
                    "provider": "provider.aws"
                },
                "aws_default_security_group.main": {
                    "type": "aws_default_security_group",
                    "depends_on": [
                        "aws_vpc.main"
                    ],
                    "primary": {
                        "id": "sg-0a0c34ecced0761da",
                        "attributes": {
                            "arn": "arn:aws:ec2:ca-central-1:075232779313:security-group/sg-0a0c34ecced0761da",
                            "egress.#": "1",
                            "egress.482069346.cidr_blocks.#": "1",
                            "egress.482069346.cidr_blocks.0": "0.0.0.0/0",
                            "egress.482069346.description": "",
                            "egress.482069346.from_port": "0",
                            "egress.482069346.ipv6_cidr_blocks.#": "0",
                            "egress.482069346.prefix_list_ids.#": "0",
                            "egress.482069346.protocol": "-1",
                            "egress.482069346.security_groups.#": "0",
                            "egress.482069346.self": "false",
                            "egress.482069346.to_port": "0",
                            "id": "sg-0a0c34ecced0761da",
                            "ingress.#": "0",
                            "name": "default",
                            "owner_id": "075232779313",
                            "revoke_rules_on_delete": "false",
                            "tags.%": "3",
                            "tags.Name": "default",
                            "tags.ServiceName": "SandstormServer",
                            "tags.ServiceType": "Game",
                            "vpc_id": "vpc-0580da14af959a6c1"
                        },
                        "meta": {
                            "e2bfb730-ecaa-11e6-8f88-34363bc7c4c0": {
                                "create": 600000000000,
                                "delete": 600000000000
                            },
                            "schema_version": "1"
                        },
                        "tainted": false
                    },
                    "deposed": [],
                    "provider": "provider.aws"
                },
                "aws_iam_instance_profile.ec2_sandstorm": {
                    "type": "aws_iam_instance_profile",
                    "depends_on": [
                        "aws_iam_role.ec2_sandstorm"
                    ],
                    "primary": {
                        "id": "EC2SandstormServer",
                        "attributes": {
                            "arn": "arn:aws:iam::075232779313:instance-profile/EC2SandstormServer",
                            "create_date": "2019-01-01T19:36:56Z",
                            "id": "EC2SandstormServer",
                            "name": "EC2SandstormServer",
                            "path": "/",
                            "role": "EC2SandstormServer",
                            "roles.#": "0",
                            "unique_id": "AIPAI3GIRF7NOQI3224CC"
                        },
                        "meta": {},
                        "tainted": false
                    },
                    "deposed": [],
                    "provider": "provider.aws"
                },
                "aws_iam_role.ec2_sandstorm": {
                    "type": "aws_iam_role",
                    "depends_on": [],
                    "primary": {
                        "id": "EC2SandstormServer",
                        "attributes": {
                            "arn": "arn:aws:iam::075232779313:role/EC2SandstormServer",
                            "assume_role_policy": "{\"Version\":\"2012-10-17\",\"Statement\":[{\"Sid\":\"\",\"Effect\":\"Allow\",\"Principal\":{\"Service\":\"ec2.amazonaws.com\"},\"Action\":\"sts:AssumeRole\"}]}",
                            "create_date": "2019-01-01T19:35:54Z",
                            "description": "Role to enable EC2 Sandstorm Server to use AWS resources",
                            "force_detach_policies": "false",
                            "id": "EC2SandstormServer",
                            "max_session_duration": "3600",
                            "name": "EC2SandstormServer",
                            "path": "/",
                            "tags.%": "0",
                            "unique_id": "AROAJA6CWG7B4SZEVQ2YO"
                        },
                        "meta": {},
                        "tainted": false
                    },
                    "deposed": [],
                    "provider": "provider.aws"
                },
                "aws_iam_role_policy_attachment.cw_admin_to_ec2_sandstorm": {
                    "type": "aws_iam_role_policy_attachment",
                    "depends_on": [
                        "aws_iam_role.ec2_sandstorm",
                        "data.aws_iam_policy.amazon_cloud_watch_agent_server"
                    ],
                    "primary": {
                        "id": "EC2SandstormServer-20190101193626086900000001",
                        "attributes": {
                            "id": "EC2SandstormServer-20190101193626086900000001",
                            "policy_arn": "arn:aws:iam::aws:policy/CloudWatchAgentServerPolicy",
                            "role": "EC2SandstormServer"
                        },
                        "meta": {},
                        "tainted": false
                    },
                    "deposed": [],
                    "provider": "provider.aws"
                },
                "aws_instance.main": {
                    "type": "aws_instance",
                    "depends_on": [
                        "aws_default_security_group.main",
                        "aws_iam_instance_profile.ec2_sandstorm",
                        "aws_key_pair.main",
                        "aws_security_group.allow_sandstorm_traffic_from_internet",
                        "aws_security_group.allow_ssh_from_admin",
                        "aws_subnet.main",
                        "data.aws_ami.amazon_linux"
                    ],
                    "primary": {
                        "id": "i-0d4fcd4d5ee1fb4b9",
                        "attributes": {
                            "ami": "ami-0cfb2deb4de0a3690",
                            "arn": "arn:aws:ec2:ca-central-1:075232779313:instance/i-0d4fcd4d5ee1fb4b9",
                            "associate_public_ip_address": "true",
                            "availability_zone": "ca-central-1a",
                            "cpu_core_count": "1",
                            "cpu_threads_per_core": "2",
                            "credit_specification.#": "1",
                            "credit_specification.0.cpu_credits": "unlimited",
                            "disable_api_termination": "false",
                            "ebs_block_device.#": "0",
                            "ebs_optimized": "false",
                            "ephemeral_block_device.#": "0",
                            "get_password_data": "false",
                            "iam_instance_profile": "EC2SandstormServer",
                            "id": "i-0d4fcd4d5ee1fb4b9",
                            "instance_state": "running",
                            "instance_type": "t3.small",
                            "ipv6_addresses.#": "0",
                            "key_name": "main-deployer-key",
                            "monitoring": "false",
                            "network_interface.#": "0",
                            "network_interface_id": "eni-0eaabb562ee985329",
                            "password_data": "",
                            "placement_group": "",
                            "primary_network_interface_id": "eni-0eaabb562ee985329",
                            "private_dns": "ip-10-0-1-175.ca-central-1.compute.internal",
                            "private_ip": "10.0.1.175",
                            "public_dns": "ec2-35-183-126-201.ca-central-1.compute.amazonaws.com",
                            "public_ip": "35.183.126.201",
                            "root_block_device.#": "1",
                            "root_block_device.0.delete_on_termination": "true",
                            "root_block_device.0.iops": "100",
                            "root_block_device.0.volume_id": "vol-03eea6ded91c3350d",
                            "root_block_device.0.volume_size": "8",
                            "root_block_device.0.volume_type": "gp2",
                            "security_groups.#": "0",
                            "source_dest_check": "true",
                            "subnet_id": "subnet-0d2e8955a94807227",
                            "tags.%": "3",
                            "tags.Name": "Sandstorm server",
                            "tags.ServiceName": "SandstormServer",
                            "tags.ServiceType": "Game",
                            "tenancy": "default",
                            "volume_tags.%": "0",
                            "vpc_security_group_ids.#": "3",
                            "vpc_security_group_ids.1696275067": "sg-0c1ad85ca2939f7e6",
                            "vpc_security_group_ids.2158676334": "sg-098b6be6d08f53de4",
                            "vpc_security_group_ids.2588184886": "sg-0a0c34ecced0761da"
                        },
                        "meta": {
                            "e2bfb730-ecaa-11e6-8f88-34363bc7c4c0": {
                                "create": 600000000000,
                                "delete": 1200000000000,
                                "update": 600000000000
                            },
                            "schema_version": "1"
                        },
                        "tainted": true
                    },
                    "deposed": [],
                    "provider": "provider.aws"
                },
                "aws_internet_gateway.main": {
                    "type": "aws_internet_gateway",
                    "depends_on": [
                        "aws_vpc.main"
                    ],
                    "primary": {
                        "id": "igw-08b1b0788dc3e864b",
                        "attributes": {
                            "id": "igw-08b1b0788dc3e864b",
                            "owner_id": "075232779313",
                            "tags.%": "3",
                            "tags.Name": "default",
                            "tags.ServiceName": "SandstormServer",
                            "tags.ServiceType": "Game",
                            "vpc_id": "vpc-0580da14af959a6c1"
                        },
                        "meta": {},
                        "tainted": false
                    },
                    "deposed": [],
                    "provider": "provider.aws"
                },
                "aws_key_pair.main": {
                    "type": "aws_key_pair",
                    "depends_on": [],
                    "primary": {
                        "id": "main-deployer-key",
                        "attributes": {
                            "fingerprint": "8b:5b:33:b6:42:3e:84:59:c5:a5:c8:7b:fb:fd:69:5c",
                            "id": "main-deployer-key",
                            "key_name": "main-deployer-key",
                            "public_key": "ssh-rsa AAAAB3NzaC1yc2EAAAADAQABAAACAQDKdElH8qC6o3bDUd1+xmL5+6PKtzWDlCWgzbwsHrO1va22JYIM8tqRKIT+5NPw94i4Olk9KmGnaYmSZr3R1lGFs+ewMULryRWrrC+E6y6tpJlw1yb+KFhWZLkQWoeCGrGR7AwyPsTD97QDFQQnru/KSUd8/SVzOdVhPEwKuTuyRVC3+BptTe/bDz52vygZeC4JRV0zJJ6+Z55xKt2g5++7ruit0DHI6fC1bkC73WryqumUFaxMn+uIOG9CSF0nz1lyCPxFXpBzs9fgCdPoTvEIhYchVqhgj6isXBGbg1fQQ/u2uOUwl+//pdZuElbb723khL+LCB1hfLlCkD9pEaCJ+qODDlEcdiqNEnQYqbZSWIpdWyGykRrgGsrYRYaLwyoAqhXS85sV/iOSRU7MbKiw1lw7IjZaKtDm7KSwIWpqqcEp2t5YiEdYfW9rtvlWCdZBhAQ/Xfb/LlPmoPxdi82QUZaekpMpEYnFMxNkBhSZXcFZDwxNbgjxAj5fCh9rkAZXBjJ3UBW9o/+zJhBbe6d0GAnxRcAKU1ouxKOoZ1Sh7yR8ZMZhHFLnhVbr4Uv96L+lm2eOcE//m2s6v1b1ajOuDvwBlA5WND6BKBxjPQPn42Cot++EQjw8+fWfxZ4BBomXnYVbi8GZVyq8Ol6jT7+Z8Ce0B+gP/ycHpneQUcjvHw== Daniel Pereira \u003czdaniel.gp@gmail.com\u003e"
                        },
                        "meta": {
                            "schema_version": "1"
                        },
                        "tainted": false
                    },
                    "deposed": [],
                    "provider": "provider.aws"
                },
                "aws_security_group.allow_sandstorm_traffic_from_internet": {
                    "type": "aws_security_group",
                    "depends_on": [
                        "aws_vpc.main"
                    ],
                    "primary": {
                        "id": "sg-0c1ad85ca2939f7e6",
                        "attributes": {
                            "arn": "arn:aws:ec2:ca-central-1:075232779313:security-group/sg-0c1ad85ca2939f7e6",
                            "description": "Allow inbound Sandstorm traffic from internet",
                            "egress.#": "0",
                            "id": "sg-0c1ad85ca2939f7e6",
                            "ingress.#": "2",
                            "ingress.3983920236.cidr_blocks.#": "1",
                            "ingress.3983920236.cidr_blocks.0": "0.0.0.0/0",
                            "ingress.3983920236.description": "",
                            "ingress.3983920236.from_port": "27131",
                            "ingress.3983920236.ipv6_cidr_blocks.#": "0",
                            "ingress.3983920236.prefix_list_ids.#": "0",
                            "ingress.3983920236.protocol": "udp",
                            "ingress.3983920236.security_groups.#": "0",
                            "ingress.3983920236.self": "false",
                            "ingress.3983920236.to_port": "27131",
                            "ingress.87962714.cidr_blocks.#": "1",
                            "ingress.87962714.cidr_blocks.0": "0.0.0.0/0",
                            "ingress.87962714.description": "",
                            "ingress.87962714.from_port": "27102",
                            "ingress.87962714.ipv6_cidr_blocks.#": "0",
                            "ingress.87962714.prefix_list_ids.#": "0",
                            "ingress.87962714.protocol": "udp",
                            "ingress.87962714.security_groups.#": "0",
                            "ingress.87962714.self": "false",
                            "ingress.87962714.to_port": "27102",
                            "name": "AllowSandstormTrafficFromInternet",
                            "owner_id": "075232779313",
                            "revoke_rules_on_delete": "false",
                            "tags.%": "2",
                            "tags.ServiceName": "SandstormServer",
                            "tags.ServiceType": "Game",
                            "vpc_id": "vpc-0580da14af959a6c1"
                        },
                        "meta": {
                            "e2bfb730-ecaa-11e6-8f88-34363bc7c4c0": {
                                "create": 600000000000,
                                "delete": 600000000000
                            },
                            "schema_version": "1"
                        },
                        "tainted": false
                    },
                    "deposed": [],
                    "provider": "provider.aws"
                },
                "aws_security_group.allow_ssh_from_admin": {
                    "type": "aws_security_group",
                    "depends_on": [
                        "aws_vpc.main"
                    ],
                    "primary": {
                        "id": "sg-098b6be6d08f53de4",
                        "attributes": {
                            "arn": "arn:aws:ec2:ca-central-1:075232779313:security-group/sg-098b6be6d08f53de4",
                            "description": "Allow inbound SSH traffic from Admin",
                            "egress.#": "0",
                            "id": "sg-098b6be6d08f53de4",
                            "ingress.#": "1",
                            "ingress.1188067668.cidr_blocks.#": "2",
                            "ingress.1188067668.cidr_blocks.0": "179.34.145.84/32",
                            "ingress.1188067668.cidr_blocks.1": "201.92.138.72/32",
                            "ingress.1188067668.description": "",
                            "ingress.1188067668.from_port": "22",
                            "ingress.1188067668.ipv6_cidr_blocks.#": "0",
                            "ingress.1188067668.prefix_list_ids.#": "0",
                            "ingress.1188067668.protocol": "tcp",
                            "ingress.1188067668.security_groups.#": "0",
                            "ingress.1188067668.self": "false",
                            "ingress.1188067668.to_port": "22",
                            "name": "AllowSSHFromAdmin",
                            "owner_id": "075232779313",
                            "revoke_rules_on_delete": "false",
                            "tags.%": "2",
                            "tags.ServiceName": "SandstormServer",
                            "tags.ServiceType": "Game",
                            "vpc_id": "vpc-0580da14af959a6c1"
                        },
                        "meta": {
                            "e2bfb730-ecaa-11e6-8f88-34363bc7c4c0": {
                                "create": 600000000000,
                                "delete": 600000000000
                            },
                            "schema_version": "1"
                        },
                        "tainted": false
                    },
                    "deposed": [],
                    "provider": "provider.aws"
                },
                "aws_subnet.main": {
                    "type": "aws_subnet",
                    "depends_on": [
                        "aws_vpc.main",
                        "data.aws_availability_zones.available"
                    ],
                    "primary": {
                        "id": "subnet-0d2e8955a94807227",
                        "attributes": {
                            "arn": "arn:aws:ec2:ca-central-1:075232779313:subnet/subnet-0d2e8955a94807227",
                            "assign_ipv6_address_on_creation": "false",
                            "availability_zone": "ca-central-1a",
                            "availability_zone_id": "cac1-az1",
                            "cidr_block": "10.0.1.0/24",
                            "id": "subnet-0d2e8955a94807227",
                            "ipv6_cidr_block": "",
                            "ipv6_cidr_block_association_id": "",
                            "map_public_ip_on_launch": "false",
                            "owner_id": "075232779313",
                            "tags.%": "2",
                            "tags.ServiceName": "SandstormServer",
                            "tags.ServiceType": "Game",
                            "vpc_id": "vpc-0580da14af959a6c1"
                        },
                        "meta": {
                            "e2bfb730-ecaa-11e6-8f88-34363bc7c4c0": {
                                "create": 600000000000,
                                "delete": 600000000000
                            },
                            "schema_version": "1"
                        },
                        "tainted": false
                    },
                    "deposed": [],
                    "provider": "provider.aws"
                },
                "aws_vpc.main": {
                    "type": "aws_vpc",
                    "depends_on": [],
                    "primary": {
                        "id": "vpc-0580da14af959a6c1",
                        "attributes": {
                            "arn": "arn:aws:ec2:ca-central-1:075232779313:vpc/vpc-0580da14af959a6c1",
                            "assign_generated_ipv6_cidr_block": "false",
                            "cidr_block": "10.0.0.0/16",
                            "default_network_acl_id": "acl-0a2b72bcf793d4c49",
                            "default_route_table_id": "rtb-0effe245deeec24f3",
                            "default_security_group_id": "sg-0a0c34ecced0761da",
                            "dhcp_options_id": "dopt-896389e1",
                            "enable_dns_hostnames": "true",
                            "enable_dns_support": "true",
                            "id": "vpc-0580da14af959a6c1",
                            "instance_tenancy": "default",
                            "ipv6_association_id": "",
                            "ipv6_cidr_block": "",
                            "main_route_table_id": "rtb-0effe245deeec24f3",
                            "owner_id": "075232779313",
                            "tags.%": "2",
                            "tags.ServiceName": "SandstormServer",
                            "tags.ServiceType": "Game"
                        },
                        "meta": {
                            "schema_version": "1"
                        },
                        "tainted": false
                    },
                    "deposed": [],
                    "provider": "provider.aws"
                },
                "data.aws_ami.amazon_linux": {
                    "type": "aws_ami",
                    "depends_on": [],
                    "primary": {
                        "id": "ami-0cfb2deb4de0a3690",
                        "attributes": {
                            "architecture": "x86_64",
                            "block_device_mappings.#": "1",
                            "block_device_mappings.340275815.device_name": "/dev/xvda",
                            "block_device_mappings.340275815.ebs.%": "6",
                            "block_device_mappings.340275815.ebs.delete_on_termination": "true",
                            "block_device_mappings.340275815.ebs.encrypted": "false",
                            "block_device_mappings.340275815.ebs.iops": "0",
                            "block_device_mappings.340275815.ebs.snapshot_id": "snap-0d951c243008ca4e0",
                            "block_device_mappings.340275815.ebs.volume_size": "8",
                            "block_device_mappings.340275815.ebs.volume_type": "gp2",
                            "block_device_mappings.340275815.no_device": "",
                            "block_device_mappings.340275815.virtual_name": "",
                            "creation_date": "2018-12-14T19:10:43.000Z",
                            "description": "Amazon Linux 2 LTS AMI with .NET Core 2.1",
                            "filter.#": "4",
                            "filter.1281954306.name": "root-device-type",
                            "filter.1281954306.values.#": "1",
                            "filter.1281954306.values.0": "ebs",
                            "filter.3355656240.name": "name",
                            "filter.3355656240.values.#": "1",
                            "filter.3355656240.values.0": "amzn2-ami-hvm*",
                            "filter.3386043752.name": "architecture",
                            "filter.3386043752.values.#": "1",
                            "filter.3386043752.values.0": "x86_64",
                            "filter.490168357.name": "virtualization-type",
                            "filter.490168357.values.#": "1",
                            "filter.490168357.values.0": "hvm",
                            "hypervisor": "xen",
                            "id": "ami-0cfb2deb4de0a3690",
                            "image_id": "ami-0cfb2deb4de0a3690",
                            "image_location": "amazon/amzn2-ami-hvm-2.0.20180622.1-x86_64-gp2-dotnetcore-2018.12.12",
                            "image_owner_alias": "amazon",
                            "image_type": "machine",
                            "most_recent": "true",
                            "name": "amzn2-ami-hvm-2.0.20180622.1-x86_64-gp2-dotnetcore-2018.12.12",
                            "owner_id": "801119661308",
                            "owners.#": "1",
                            "owners.0": "amazon",
                            "product_codes.#": "0",
                            "public": "true",
                            "root_device_name": "/dev/xvda",
                            "root_device_type": "ebs",
                            "root_snapshot_id": "snap-0d951c243008ca4e0",
                            "sriov_net_support": "simple",
                            "state": "available",
                            "state_reason.%": "2",
                            "state_reason.code": "UNSET",
                            "state_reason.message": "UNSET",
                            "tags.%": "0",
                            "virtualization_type": "hvm"
                        },
                        "meta": {},
                        "tainted": false
                    },
                    "deposed": [],
                    "provider": "provider.aws"
                },
                "data.aws_availability_zones.available": {
                    "type": "aws_availability_zones",
                    "depends_on": [],
                    "primary": {
                        "id": "2019-01-01 19:35:41.087209841 +0000 UTC",
                        "attributes": {
                            "id": "2019-01-01 19:35:41.087209841 +0000 UTC",
                            "names.#": "2",
                            "names.0": "ca-central-1a",
                            "names.1": "ca-central-1b",
                            "zone_ids.#": "2",
                            "zone_ids.0": "cac1-az1",
                            "zone_ids.1": "cac1-az2"
                        },
                        "meta": {},
                        "tainted": false
                    },
                    "deposed": [],
                    "provider": "provider.aws"
                },
                "data.aws_caller_identity.current": {
                    "type": "aws_caller_identity",
                    "depends_on": [],
                    "primary": {
                        "id": "2019-01-01 19:35:42.028008824 +0000 UTC",
                        "attributes": {
                            "account_id": "075232779313",
                            "arn": "arn:aws:iam::075232779313:user/cli",
                            "id": "2019-01-01 19:35:42.028008824 +0000 UTC",
                            "user_id": "AIDAJWLV2LXXALTLF5T3W"
                        },
                        "meta": {},
                        "tainted": false
                    },
                    "deposed": [],
                    "provider": "provider.aws"
                },
                "data.aws_iam_policy.amazon_cloud_watch_agent_server": {
                    "type": "aws_iam_policy",
                    "depends_on": [],
                    "primary": {
                        "id": "arn:aws:iam::aws:policy/CloudWatchAgentServerPolicy",
                        "attributes": {
                            "arn": "arn:aws:iam::aws:policy/CloudWatchAgentServerPolicy",
                            "description": "Permissions required to use AmazonCloudWatchAgent on servers",
                            "id": "arn:aws:iam::aws:policy/CloudWatchAgentServerPolicy",
                            "name": "CloudWatchAgentServerPolicy",
                            "path": "/",
                            "policy": "{\n    \"Version\": \"2012-10-17\",\n    \"Statement\": [\n        {\n            \"Effect\": \"Allow\",\n            \"Action\": [\n                \"cloudwatch:PutMetricData\",\n                \"ec2:DescribeTags\",\n                \"logs:PutLogEvents\",\n                \"logs:DescribeLogStreams\",\n                \"logs:DescribeLogGroups\",\n                \"logs:CreateLogStream\",\n                \"logs:CreateLogGroup\"\n            ],\n            \"Resource\": \"*\"\n        },\n        {\n            \"Effect\": \"Allow\",\n            \"Action\": [\n                \"ssm:GetParameter\"\n            ],\n            \"Resource\": \"arn:aws:ssm:*:*:parameter/AmazonCloudWatch-*\"\n        }\n    ]\n}"
                        },
                        "meta": {},
                        "tainted": false
                    },
                    "deposed": [],
                    "provider": "provider.aws"
                },
                "data.aws_region.current": {
                    "type": "aws_region",
                    "depends_on": [],
                    "primary": {
                        "id": "ca-central-1",
                        "attributes": {
                            "current": "true",
                            "description": "Canada (Central)",
                            "endpoint": "ec2.ca-central-1.amazonaws.com",
                            "id": "ca-central-1",
                            "name": "ca-central-1"
                        },
                        "meta": {},
                        "tainted": false
                    },
                    "deposed": [],
                    "provider": "provider.aws"
                }
            },
            "depends_on": []
        }
    ]
}
