{
  "version": 4,
  "terraform_version": "0.12.2",
  "serial": 5,
  "lineage": "afe366c1-9e22-8f94-9c54-8e81a74ce692",
  "outputs": {},
  "resources": [
    {
      "module": "module.digital_ocean",
      "mode": "managed",
      "type": "digitalocean_droplet",
      "name": "main",
      "provider": "module.digital_ocean.provider.digitalocean",
      "instances": [
        {
          "schema_version": 1,
          "attributes": {
            "backups": false,
            "disk": 60,
            "id": "148430346",
            "image": "centos-7-x64",
            "ipv4_address": "68.183.156.122",
            "ipv4_address_private": "",
            "ipv6": false,
            "ipv6_address": "",
            "ipv6_address_private": "",
            "locked": false,
            "memory": 4096,
            "monitoring": false,
            "name": "sandstorm-server",
            "price_hourly": 0.05952,
            "price_monthly": 40,
            "private_networking": false,
            "region": "nyc3",
            "resize_disk": true,
            "size": "4gb",
            "ssh_keys": [
              "2b:27:9b:99:5b:8b:b0:6f:e7:c6:7d:e9:a9:e3:b7:12"
            ],
            "status": "active",
            "tags": [],
            "urn": "do:droplet:148430346",
            "user_data": null,
            "vcpus": 2,
            "volume_ids": []
          },
          "depends_on": [
            "digitalocean_ssh_key.default"
          ]
        }
      ]
    },
    {
      "module": "module.digital_ocean",
      "mode": "managed",
      "type": "digitalocean_project",
      "name": "sandstorm",
      "provider": "module.digital_ocean.provider.digitalocean",
      "instances": [
        {
          "schema_version": 0,
          "attributes": {
            "created_at": "2019-06-22T17:35:18Z",
            "description": "My private Insurgency: Sandstorm game server",
            "environment": "Production",
            "id": "847faef7-19be-4fa1-9bc4-495f7a3acabe",
            "name": "sandstorm-server",
            "owner_id": 684675,
            "owner_uuid": "20e044559427d913fcfc56b8eab1b3cfc77f3778",
            "purpose": "Game Server",
            "resources": [
              "do:droplet:148430346"
            ],
            "updated_at": "2019-06-22T17:35:18Z"
          },
          "private": "bnVsbA==",
          "depends_on": [
            "digitalocean_droplet.main"
          ]
        }
      ]
    },
    {
      "module": "module.digital_ocean",
      "mode": "managed",
      "type": "digitalocean_ssh_key",
      "name": "default",
      "provider": "module.digital_ocean.provider.digitalocean",
      "instances": [
        {
          "schema_version": 0,
          "attributes": {
            "fingerprint": "2b:27:9b:99:5b:8b:b0:6f:e7:c6:7d:e9:a9:e3:b7:12",
            "id": "24872780",
            "name": "Default Key",
            "public_key": "ssh-rsa AAAAB3NzaC1yc2EAAAADAQABAAACAQDGcVPEQ6yLxGnizIYSXiebXl7nES39nmZTyex9oBjI8WdJRNQEORdN6uby4lITFOOunw2YAOjTtSkqWkbUTJPLARq2IjtVU+hWFjN7MUegErMtiXIOmUcIfGubNEqJVsnU5vIaLBvSy0vUDN+ideNZWcbJQjUE/QJoV7/rWnONMV1HZmfvnRbbBNbl4bThdU6JqyvrePpkCqGlk6q5KHrWIRil4bJlhGI7yi+GbcVl3fVa+5W4GtV5KplZroa/KN4VvTGeLitKnVEHwR+J7fXSt6BS/ab1FS0pWdj3x0fOOzl/lcbzAR2sEUxlgTbiBBY4a6BBFlTc3peNB51+5NHowKm03HNZwUIh7b/HH5JrxTDsKzZ5l8wrjGlMyzta79RemVZ6glgKfrXDFxwRBNnjqBFNOISqDgOi3fPcUxPAoGtWMuGeKyXYyxD6mONXgcm8llX7FIQwUbF/ByiQM3Nj4Q8HwuW8lwudS2BTcqpTxdITmqjkBCaCMTI9IVOOAICYaJZtUbD7AoIO++87oWiypWGDKUQVd6RYdcoZcRHa9foSDujr4E4a8z2npL1d+97NNNOUfL26SveLaD9Nz58N7GYV2R7SLKQpVFGTnQQKijhiXDQjLQweWvHfG3DE+XVGb2GDBq58kCAAK95S6oo5j8DKYn/6x1Hj2RsRtMp77Q== Daniel Pereira \u003czdaniel.gp@gmail.com\u003e"
          }
        }
      ]
    }
  ]
}
